PODS:
  - Alamofire (4.9.1)
  - FBAudienceNetwork (5.7.1):
    - FBSDKCoreKit/Basics (>= 5.6.0)
  - FBSDKCoreKit/Basics (6.0.0)
  - ObjectMapper (3.5.1)
  - SwiftyJSON (5.0.0)

DEPENDENCIES:
  - Alamofire (~> 4.9.1)
  - FBAudienceNetwork (~> 5.7.0)
  - ObjectMapper
  - SwiftyJSON

SPEC REPOS:
  trunk:
    - Alamofire
    - FBAudienceNetwork
    - FBSDKCoreKit
    - ObjectMapper
    - SwiftyJSON

SPEC CHECKSUMS:
  Alamofire: 85e8a02c69d6020a0d734f6054870d7ecb75cf18
  FBAudienceNetwork: 33fc8c8c07c1cdbf5279784b73729c6410809daa
  FBSDKCoreKit: fe738b172590e622c86735b45e20d196848b54df
  ObjectMapper: 70187b8941977c62ccfb423caf6b50be405cabf0
  SwiftyJSON: 36413e04c44ee145039d332b4f4e2d3e8d6c4db7

PODFILE CHECKSUM: 8fb5fc5482022d3202131c5b54ae85514f4b4251

COCOAPODS: 1.8.4
