// !$*UTF8*$!
{
	archiveVersion = 1;
	classes = {
	};
	objectVersion = 51;
	objects = {

/* Begin PBXBuildFile section */
		B2AF669E242B377000454795 /* AppDelegate.swift in Sources */ = {isa = PBXBuildFile; fileRef = B2AF669D242B377000454795 /* AppDelegate.swift */; };
		B2AF66A2242B377000454795 /* ViewController.swift in Sources */ = {isa = PBXBuildFile; fileRef = B2AF66A1242B377000454795 /* ViewController.swift */; };
		B2AF66A5242B377000454795 /* Main.storyboard in Resources */ = {isa = PBXBuildFile; fileRef = B2AF66A3242B377000454795 /* Main.storyboard */; };
		B2AF66A7242B377100454795 /* Assets.xcassets in Resources */ = {isa = PBXBuildFile; fileRef = B2AF66A6242B377100454795 /* Assets.xcassets */; };
		B2AF66AA242B377100454795 /* LaunchScreen.storyboard in Resources */ = {isa = PBXBuildFile; fileRef = B2AF66A8242B377100454795 /* LaunchScreen.storyboard */; };
		B2AF674C242C623B00454795 /* Baidu_naitve.swift in Sources */ = {isa = PBXBuildFile; fileRef = B2AF672C242C623B00454795 /* Baidu_naitve.swift */; };
		B2AF674E242C623B00454795 /* MTG_naitve.swift in Sources */ = {isa = PBXBuildFile; fileRef = B2AF6730242C623B00454795 /* MTG_naitve.swift */; };
		B2AF674F242C623B00454795 /* Appnext_naitve.swift in Sources */ = {isa = PBXBuildFile; fileRef = B2AF6732242C623B00454795 /* Appnext_naitve.swift */; };
		B2AF6750242C623B00454795 /* Admob_naitve.swift in Sources */ = {isa = PBXBuildFile; fileRef = B2AF6734242C623B00454795 /* Admob_naitve.swift */; };
		B2AF6751242C623B00454795 /* Baidu_rewardvideo.swift in Sources */ = {isa = PBXBuildFile; fileRef = B2AF6737242C623B00454795 /* Baidu_rewardvideo.swift */; };
		B2AF6752242C623B00454795 /* FB_rewardvideo.swift in Sources */ = {isa = PBXBuildFile; fileRef = B2AF6739242C623B00454795 /* FB_rewardvideo.swift */; };
		B2AF6753242C623B00454795 /* MTG_rewardvideo.swift in Sources */ = {isa = PBXBuildFile; fileRef = B2AF673B242C623B00454795 /* MTG_rewardvideo.swift */; };
		B2AF6754242C623B00454795 /* Appnext_rewardvideo.swift in Sources */ = {isa = PBXBuildFile; fileRef = B2AF673D242C623B00454795 /* Appnext_rewardvideo.swift */; };
		B2AF6755242C623B00454795 /* Admob_rewardvideo.swift in Sources */ = {isa = PBXBuildFile; fileRef = B2AF673F242C623B00454795 /* Admob_rewardvideo.swift */; };
		B2AF6756242C623B00454795 /* Baidu_interstitialAd.swift in Sources */ = {isa = PBXBuildFile; fileRef = B2AF6742242C623B00454795 /* Baidu_interstitialAd.swift */; };
		B2AF6757242C623B00454795 /* FB_interstitialAd.swift in Sources */ = {isa = PBXBuildFile; fileRef = B2AF6744242C623B00454795 /* FB_interstitialAd.swift */; };
		B2AF6758242C623B00454795 /* MTG_interstitialAd.swift in Sources */ = {isa = PBXBuildFile; fileRef = B2AF6746242C623B00454795 /* MTG_interstitialAd.swift */; };
		B2AF6759242C623B00454795 /* Appnext_interstitialAd.swift in Sources */ = {isa = PBXBuildFile; fileRef = B2AF6748242C623B00454795 /* Appnext_interstitialAd.swift */; };
		B2AF675A242C623B00454795 /* Admob_interstitialAd.swift in Sources */ = {isa = PBXBuildFile; fileRef = B2AF674A242C623B00454795 /* Admob_interstitialAd.swift */; };
		B2AF675C242C677000454795 /* FBAdDownloader.swift in Sources */ = {isa = PBXBuildFile; fileRef = B2AF675B242C677000454795 /* FBAdDownloader.swift */; };
		B2AF675E242C85FA00454795 /* XbSDKIntegration.swift in Sources */ = {isa = PBXBuildFile; fileRef = B2AF675D242C85FA00454795 /* XbSDKIntegration.swift */; };
		B2AF6760242C89F800454795 /* FBNativeAdManager.swift in Sources */ = {isa = PBXBuildFile; fileRef = B2AF675F242C89F800454795 /* FBNativeAdManager.swift */; };
		B2AF6762242C8A8800454795 /* SSPAdvertConfig.swift in Sources */ = {isa = PBXBuildFile; fileRef = B2AF6761242C8A8800454795 /* SSPAdvertConfig.swift */; };
		B2AF6765242C8B8100454795 /* AdvertConfig.swift in Sources */ = {isa = PBXBuildFile; fileRef = B2AF6764242C8B8100454795 /* AdvertConfig.swift */; };
		B2AF6767242C903600454795 /* SSPLogProtocol.swift in Sources */ = {isa = PBXBuildFile; fileRef = B2AF6766242C903600454795 /* SSPLogProtocol.swift */; };
		B2AF6769242C95BC00454795 /* XbFbAdProtocol.swift in Sources */ = {isa = PBXBuildFile; fileRef = B2AF6768242C95BC00454795 /* XbFbAdProtocol.swift */; };
		B2AF676B242C99EA00454795 /* XbSDKIntegrationManager.swift in Sources */ = {isa = PBXBuildFile; fileRef = B2AF676A242C99EA00454795 /* XbSDKIntegrationManager.swift */; };
		B2AF676D242C9A1F00454795 /* XbSDKIntegrationManager_FB.swift in Sources */ = {isa = PBXBuildFile; fileRef = B2AF676C242C9A1F00454795 /* XbSDKIntegrationManager_FB.swift */; };
		B2AF676F242C9B9A00454795 /* XbAdManager.swift in Sources */ = {isa = PBXBuildFile; fileRef = B2AF676E242C9B9A00454795 /* XbAdManager.swift */; };
		B2AF6772242C9F0E00454795 /* XbAdAdapter.swift in Sources */ = {isa = PBXBuildFile; fileRef = B2AF6771242C9F0E00454795 /* XbAdAdapter.swift */; };
		B2AF6774242C9F2200454795 /* XbAdAdapter_FB.swift in Sources */ = {isa = PBXBuildFile; fileRef = B2AF6773242C9F2200454795 /* XbAdAdapter_FB.swift */; };
		B2AF6776242C9F7200454795 /* AdEnum.swift in Sources */ = {isa = PBXBuildFile; fileRef = B2AF6775242C9F7200454795 /* AdEnum.swift */; };
		B2AF6778242CC31200454795 /* Constants.swift in Sources */ = {isa = PBXBuildFile; fileRef = B2AF6777242CC31200454795 /* Constants.swift */; };
		B2AF677A242CC3A800454795 /* XbAdManager_FB.swift in Sources */ = {isa = PBXBuildFile; fileRef = B2AF6779242CC3A800454795 /* XbAdManager_FB.swift */; };
		B2AF677C242CC5B000454795 /* Timer.swift in Sources */ = {isa = PBXBuildFile; fileRef = B2AF677B242CC5B000454795 /* Timer.swift */; };
		B2AF677F242D958600454795 /* DictionaryExtension.swift in Sources */ = {isa = PBXBuildFile; fileRef = B2AF677E242D958600454795 /* DictionaryExtension.swift */; };
		F66260DB401F5D7305A87632 /* Pods_XBADBaseDemo.framework in Frameworks */ = {isa = PBXBuildFile; fileRef = AF0D17716B42445C9621331F /* Pods_XBADBaseDemo.framework */; };
/* End PBXBuildFile section */

/* Begin PBXFileReference section */
		37525BB60AC453FABA6F5D4A /* Pods-XBADBaseDemo.release.xcconfig */ = {isa = PBXFileReference; includeInIndex = 1; lastKnownFileType = text.xcconfig; name = "Pods-XBADBaseDemo.release.xcconfig"; path = "Target Support Files/Pods-XBADBaseDemo/Pods-XBADBaseDemo.release.xcconfig"; sourceTree = "<group>"; };
		691ECDEB49F818073501F86B /* Pods-XBADBaseDemo.debug.xcconfig */ = {isa = PBXFileReference; includeInIndex = 1; lastKnownFileType = text.xcconfig; name = "Pods-XBADBaseDemo.debug.xcconfig"; path = "Target Support Files/Pods-XBADBaseDemo/Pods-XBADBaseDemo.debug.xcconfig"; sourceTree = "<group>"; };
		AF0D17716B42445C9621331F /* Pods_XBADBaseDemo.framework */ = {isa = PBXFileReference; explicitFileType = wrapper.framework; includeInIndex = 0; path = Pods_XBADBaseDemo.framework; sourceTree = BUILT_PRODUCTS_DIR; };
		B2AF669A242B377000454795 /* XBADBaseDemo.app */ = {isa = PBXFileReference; explicitFileType = wrapper.application; includeInIndex = 0; path = XBADBaseDemo.app; sourceTree = BUILT_PRODUCTS_DIR; };
		B2AF669D242B377000454795 /* AppDelegate.swift */ = {isa = PBXFileReference; lastKnownFileType = sourcecode.swift; path = AppDelegate.swift; sourceTree = "<group>"; };
		B2AF66A1242B377000454795 /* ViewController.swift */ = {isa = PBXFileReference; lastKnownFileType = sourcecode.swift; path = ViewController.swift; sourceTree = "<group>"; };
		B2AF66A4242B377000454795 /* Base */ = {isa = PBXFileReference; lastKnownFileType = file.storyboard; name = Base; path = Base.lproj/Main.storyboard; sourceTree = "<group>"; };
		B2AF66A6242B377100454795 /* Assets.xcassets */ = {isa = PBXFileReference; lastKnownFileType = folder.assetcatalog; path = Assets.xcassets; sourceTree = "<group>"; };
		B2AF66A9242B377100454795 /* Base */ = {isa = PBXFileReference; lastKnownFileType = file.storyboard; name = Base; path = Base.lproj/LaunchScreen.storyboard; sourceTree = "<group>"; };
		B2AF66AB242B377100454795 /* Info.plist */ = {isa = PBXFileReference; lastKnownFileType = text.plist.xml; path = Info.plist; sourceTree = "<group>"; };
		B2AF672C242C623B00454795 /* Baidu_naitve.swift */ = {isa = PBXFileReference; fileEncoding = 4; lastKnownFileType = sourcecode.swift; path = Baidu_naitve.swift; sourceTree = "<group>"; };
		B2AF6730242C623B00454795 /* MTG_naitve.swift */ = {isa = PBXFileReference; fileEncoding = 4; lastKnownFileType = sourcecode.swift; path = MTG_naitve.swift; sourceTree = "<group>"; };
		B2AF6732242C623B00454795 /* Appnext_naitve.swift */ = {isa = PBXFileReference; fileEncoding = 4; lastKnownFileType = sourcecode.swift; path = Appnext_naitve.swift; sourceTree = "<group>"; };
		B2AF6734242C623B00454795 /* Admob_naitve.swift */ = {isa = PBXFileReference; fileEncoding = 4; lastKnownFileType = sourcecode.swift; path = Admob_naitve.swift; sourceTree = "<group>"; };
		B2AF6737242C623B00454795 /* Baidu_rewardvideo.swift */ = {isa = PBXFileReference; fileEncoding = 4; lastKnownFileType = sourcecode.swift; path = Baidu_rewardvideo.swift; sourceTree = "<group>"; };
		B2AF6739242C623B00454795 /* FB_rewardvideo.swift */ = {isa = PBXFileReference; fileEncoding = 4; lastKnownFileType = sourcecode.swift; path = FB_rewardvideo.swift; sourceTree = "<group>"; };
		B2AF673B242C623B00454795 /* MTG_rewardvideo.swift */ = {isa = PBXFileReference; fileEncoding = 4; lastKnownFileType = sourcecode.swift; path = MTG_rewardvideo.swift; sourceTree = "<group>"; };
		B2AF673D242C623B00454795 /* Appnext_rewardvideo.swift */ = {isa = PBXFileReference; fileEncoding = 4; lastKnownFileType = sourcecode.swift; path = Appnext_rewardvideo.swift; sourceTree = "<group>"; };
		B2AF673F242C623B00454795 /* Admob_rewardvideo.swift */ = {isa = PBXFileReference; fileEncoding = 4; lastKnownFileType = sourcecode.swift; path = Admob_rewardvideo.swift; sourceTree = "<group>"; };
		B2AF6742242C623B00454795 /* Baidu_interstitialAd.swift */ = {isa = PBXFileReference; fileEncoding = 4; lastKnownFileType = sourcecode.swift; path = Baidu_interstitialAd.swift; sourceTree = "<group>"; };
		B2AF6744242C623B00454795 /* FB_interstitialAd.swift */ = {isa = PBXFileReference; fileEncoding = 4; lastKnownFileType = sourcecode.swift; path = FB_interstitialAd.swift; sourceTree = "<group>"; };
		B2AF6746242C623B00454795 /* MTG_interstitialAd.swift */ = {isa = PBXFileReference; fileEncoding = 4; lastKnownFileType = sourcecode.swift; path = MTG_interstitialAd.swift; sourceTree = "<group>"; };
		B2AF6748242C623B00454795 /* Appnext_interstitialAd.swift */ = {isa = PBXFileReference; fileEncoding = 4; lastKnownFileType = sourcecode.swift; path = Appnext_interstitialAd.swift; sourceTree = "<group>"; };
		B2AF674A242C623B00454795 /* Admob_interstitialAd.swift */ = {isa = PBXFileReference; fileEncoding = 4; lastKnownFileType = sourcecode.swift; path = Admob_interstitialAd.swift; sourceTree = "<group>"; };
		B2AF675B242C677000454795 /* FBAdDownloader.swift */ = {isa = PBXFileReference; fileEncoding = 4; lastKnownFileType = sourcecode.swift; path = FBAdDownloader.swift; sourceTree = "<group>"; };
		B2AF675D242C85FA00454795 /* XbSDKIntegration.swift */ = {isa = PBXFileReference; fileEncoding = 4; lastKnownFileType = sourcecode.swift; path = XbSDKIntegration.swift; sourceTree = "<group>"; };
		B2AF675F242C89F800454795 /* FBNativeAdManager.swift */ = {isa = PBXFileReference; fileEncoding = 4; lastKnownFileType = sourcecode.swift; path = FBNativeAdManager.swift; sourceTree = "<group>"; };
		B2AF6761242C8A8800454795 /* SSPAdvertConfig.swift */ = {isa = PBXFileReference; lastKnownFileType = sourcecode.swift; path = SSPAdvertConfig.swift; sourceTree = "<group>"; };
		B2AF6764242C8B8100454795 /* AdvertConfig.swift */ = {isa = PBXFileReference; lastKnownFileType = sourcecode.swift; path = AdvertConfig.swift; sourceTree = "<group>"; };
		B2AF6766242C903600454795 /* SSPLogProtocol.swift */ = {isa = PBXFileReference; fileEncoding = 4; lastKnownFileType = sourcecode.swift; path = SSPLogProtocol.swift; sourceTree = "<group>"; };
		B2AF6768242C95BC00454795 /* XbFbAdProtocol.swift */ = {isa = PBXFileReference; fileEncoding = 4; lastKnownFileType = sourcecode.swift; path = XbFbAdProtocol.swift; sourceTree = "<group>"; };
		B2AF676A242C99EA00454795 /* XbSDKIntegrationManager.swift */ = {isa = PBXFileReference; fileEncoding = 4; lastKnownFileType = sourcecode.swift; path = XbSDKIntegrationManager.swift; sourceTree = "<group>"; };
		B2AF676C242C9A1F00454795 /* XbSDKIntegrationManager_FB.swift */ = {isa = PBXFileReference; lastKnownFileType = sourcecode.swift; path = XbSDKIntegrationManager_FB.swift; sourceTree = "<group>"; };
		B2AF676E242C9B9A00454795 /* XbAdManager.swift */ = {isa = PBXFileReference; fileEncoding = 4; lastKnownFileType = sourcecode.swift; path = XbAdManager.swift; sourceTree = "<group>"; };
		B2AF6771242C9F0E00454795 /* XbAdAdapter.swift */ = {isa = PBXFileReference; fileEncoding = 4; lastKnownFileType = sourcecode.swift; path = XbAdAdapter.swift; sourceTree = "<group>"; };
		B2AF6773242C9F2200454795 /* XbAdAdapter_FB.swift */ = {isa = PBXFileReference; lastKnownFileType = sourcecode.swift; path = XbAdAdapter_FB.swift; sourceTree = "<group>"; };
		B2AF6775242C9F7200454795 /* AdEnum.swift */ = {isa = PBXFileReference; fileEncoding = 4; lastKnownFileType = sourcecode.swift; path = AdEnum.swift; sourceTree = "<group>"; };
		B2AF6777242CC31200454795 /* Constants.swift */ = {isa = PBXFileReference; fileEncoding = 4; lastKnownFileType = sourcecode.swift; path = Constants.swift; sourceTree = "<group>"; };
		B2AF6779242CC3A800454795 /* XbAdManager_FB.swift */ = {isa = PBXFileReference; lastKnownFileType = sourcecode.swift; path = XbAdManager_FB.swift; sourceTree = "<group>"; };
		B2AF677B242CC5B000454795 /* Timer.swift */ = {isa = PBXFileReference; fileEncoding = 4; lastKnownFileType = sourcecode.swift; path = Timer.swift; sourceTree = "<group>"; };
		B2AF677E242D958600454795 /* DictionaryExtension.swift */ = {isa = PBXFileReference; fileEncoding = 4; lastKnownFileType = sourcecode.swift; path = DictionaryExtension.swift; sourceTree = "<group>"; };
/* End PBXFileReference section */

/* Begin PBXFrameworksBuildPhase section */
		B2AF6697242B377000454795 /* Frameworks */ = {
			isa = PBXFrameworksBuildPhase;
			buildActionMask = 2147483647;
			files = (
				F66260DB401F5D7305A87632 /* Pods_XBADBaseDemo.framework in Frameworks */,
			);
			runOnlyForDeploymentPostprocessing = 0;
		};
/* End PBXFrameworksBuildPhase section */

/* Begin PBXGroup section */
		33BF5FC933FC4D4E95DA3ED2 /* Frameworks */ = {
			isa = PBXGroup;
			children = (
				AF0D17716B42445C9621331F /* Pods_XBADBaseDemo.framework */,
			);
			name = Frameworks;
			sourceTree = "<group>";
		};
		9FE9F635995A99D08031F6C1 /* Pods */ = {
			isa = PBXGroup;
			children = (
				691ECDEB49F818073501F86B /* Pods-XBADBaseDemo.debug.xcconfig */,
				37525BB60AC453FABA6F5D4A /* Pods-XBADBaseDemo.release.xcconfig */,
			);
			path = Pods;
			sourceTree = "<group>";
		};
		B2AF6691242B377000454795 = {
			isa = PBXGroup;
			children = (
				B2AF669C242B377000454795 /* XBADBaseDemo */,
				B2AF669B242B377000454795 /* Products */,
				9FE9F635995A99D08031F6C1 /* Pods */,
				33BF5FC933FC4D4E95DA3ED2 /* Frameworks */,
			);
			sourceTree = "<group>";
		};
		B2AF669B242B377000454795 /* Products */ = {
			isa = PBXGroup;
			children = (
				B2AF669A242B377000454795 /* XBADBaseDemo.app */,
			);
			name = Products;
			sourceTree = "<group>";
		};
		B2AF669C242B377000454795 /* XBADBaseDemo */ = {
			isa = PBXGroup;
			children = (
				B2AF6727242C623B00454795 /* XBADBase */,
				B2AF669D242B377000454795 /* AppDelegate.swift */,
				B2AF66A1242B377000454795 /* ViewController.swift */,
				B2AF66A3242B377000454795 /* Main.storyboard */,
				B2AF66A6242B377100454795 /* Assets.xcassets */,
				B2AF66A8242B377100454795 /* LaunchScreen.storyboard */,
				B2AF66AB242B377100454795 /* Info.plist */,
			);
			path = XBADBaseDemo;
			sourceTree = "<group>";
		};
		B2AF6727242C623B00454795 /* XBADBase */ = {
			isa = PBXGroup;
			children = (
				B2AF6728242C623B00454795 /* Core */,
				B2AF672A242C623B00454795 /* Native */,
				B2AF6735242C623B00454795 /* RewardVideo */,
				B2AF6740242C623B00454795 /* InterstitialAd */,
			);
			name = XBADBase;
			path = ../../XBADBase;
			sourceTree = "<group>";
		};
		B2AF6728242C623B00454795 /* Core */ = {
			isa = PBXGroup;
			children = (
				B2AF677D242D957100454795 /* Extension */,
				B2AF6763242C8B4900454795 /* Model */,
				B2AF6764242C8B8100454795 /* AdvertConfig.swift */,
				B2AF6766242C903600454795 /* SSPLogProtocol.swift */,
				B2AF6775242C9F7200454795 /* AdEnum.swift */,
				B2AF6777242CC31200454795 /* Constants.swift */,
				B2AF677B242CC5B000454795 /* Timer.swift */,
			);
			path = Core;
			sourceTree = "<group>";
		};
		B2AF672A242C623B00454795 /* Native */ = {
			isa = PBXGroup;
			children = (
				B2AF6770242C9D5E00454795 /* Core */,
				B2AF672B242C623B00454795 /* Baidu */,
				B2AF672D242C623B00454795 /* FB */,
				B2AF672F242C623B00454795 /* MTG */,
				B2AF6731242C623B00454795 /* Appnext */,
				B2AF6733242C623B00454795 /* Admob */,
			);
			path = Native;
			sourceTree = "<group>";
		};
		B2AF672B242C623B00454795 /* Baidu */ = {
			isa = PBXGroup;
			children = (
				B2AF672C242C623B00454795 /* Baidu_naitve.swift */,
			);
			path = Baidu;
			sourceTree = "<group>";
		};
		B2AF672D242C623B00454795 /* FB */ = {
			isa = PBXGroup;
			children = (
				B2AF675F242C89F800454795 /* FBNativeAdManager.swift */,
				B2AF675B242C677000454795 /* FBAdDownloader.swift */,
				B2AF6768242C95BC00454795 /* XbFbAdProtocol.swift */,
				B2AF676C242C9A1F00454795 /* XbSDKIntegrationManager_FB.swift */,
				B2AF6773242C9F2200454795 /* XbAdAdapter_FB.swift */,
				B2AF6779242CC3A800454795 /* XbAdManager_FB.swift */,
			);
			path = FB;
			sourceTree = "<group>";
		};
		B2AF672F242C623B00454795 /* MTG */ = {
			isa = PBXGroup;
			children = (
				B2AF6730242C623B00454795 /* MTG_naitve.swift */,
			);
			path = MTG;
			sourceTree = "<group>";
		};
		B2AF6731242C623B00454795 /* Appnext */ = {
			isa = PBXGroup;
			children = (
				B2AF6732242C623B00454795 /* Appnext_naitve.swift */,
			);
			path = Appnext;
			sourceTree = "<group>";
		};
		B2AF6733242C623B00454795 /* Admob */ = {
			isa = PBXGroup;
			children = (
				B2AF6734242C623B00454795 /* Admob_naitve.swift */,
			);
			path = Admob;
			sourceTree = "<group>";
		};
		B2AF6735242C623B00454795 /* RewardVideo */ = {
			isa = PBXGroup;
			children = (
				B2AF6736242C623B00454795 /* Baidu */,
				B2AF6738242C623B00454795 /* FB */,
				B2AF673A242C623B00454795 /* MTG */,
				B2AF673C242C623B00454795 /* Appnext */,
				B2AF673E242C623B00454795 /* Admob */,
			);
			path = RewardVideo;
			sourceTree = "<group>";
		};
		B2AF6736242C623B00454795 /* Baidu */ = {
			isa = PBXGroup;
			children = (
				B2AF6737242C623B00454795 /* Baidu_rewardvideo.swift */,
			);
			path = Baidu;
			sourceTree = "<group>";
		};
		B2AF6738242C623B00454795 /* FB */ = {
			isa = PBXGroup;
			children = (
				B2AF6739242C623B00454795 /* FB_rewardvideo.swift */,
			);
			path = FB;
			sourceTree = "<group>";
		};
		B2AF673A242C623B00454795 /* MTG */ = {
			isa = PBXGroup;
			children = (
				B2AF673B242C623B00454795 /* MTG_rewardvideo.swift */,
			);
			path = MTG;
			sourceTree = "<group>";
		};
		B2AF673C242C623B00454795 /* Appnext */ = {
			isa = PBXGroup;
			children = (
				B2AF673D242C623B00454795 /* Appnext_rewardvideo.swift */,
			);
			path = Appnext;
			sourceTree = "<group>";
		};
		B2AF673E242C623B00454795 /* Admob */ = {
			isa = PBXGroup;
			children = (
				B2AF673F242C623B00454795 /* Admob_rewardvideo.swift */,
			);
			path = Admob;
			sourceTree = "<group>";
		};
		B2AF6740242C623B00454795 /* InterstitialAd */ = {
			isa = PBXGroup;
			children = (
				B2AF6741242C623B00454795 /* Baidu */,
				B2AF6743242C623B00454795 /* FB */,
				B2AF6745242C623B00454795 /* MTG */,
				B2AF6747242C623B00454795 /* Appnext */,
				B2AF6749242C623B00454795 /* Admob */,
			);
			path = InterstitialAd;
			sourceTree = "<group>";
		};
		B2AF6741242C623B00454795 /* Baidu */ = {
			isa = PBXGroup;
			children = (
				B2AF6742242C623B00454795 /* Baidu_interstitialAd.swift */,
			);
			path = Baidu;
			sourceTree = "<group>";
		};
		B2AF6743242C623B00454795 /* FB */ = {
			isa = PBXGroup;
			children = (
				B2AF6744242C623B00454795 /* FB_interstitialAd.swift */,
			);
			path = FB;
			sourceTree = "<group>";
		};
		B2AF6745242C623B00454795 /* MTG */ = {
			isa = PBXGroup;
			children = (
				B2AF6746242C623B00454795 /* MTG_interstitialAd.swift */,
			);
			path = MTG;
			sourceTree = "<group>";
		};
		B2AF6747242C623B00454795 /* Appnext */ = {
			isa = PBXGroup;
			children = (
				B2AF6748242C623B00454795 /* Appnext_interstitialAd.swift */,
			);
			path = Appnext;
			sourceTree = "<group>";
		};
		B2AF6749242C623B00454795 /* Admob */ = {
			isa = PBXGroup;
			children = (
				B2AF674A242C623B00454795 /* Admob_interstitialAd.swift */,
			);
			path = Admob;
			sourceTree = "<group>";
		};
		B2AF6763242C8B4900454795 /* Model */ = {
			isa = PBXGroup;
			children = (
				B2AF675D242C85FA00454795 /* XbSDKIntegration.swift */,
				B2AF6761242C8A8800454795 /* SSPAdvertConfig.swift */,
			);
			path = Model;
			sourceTree = "<group>";
		};
		B2AF6770242C9D5E00454795 /* Core */ = {
			isa = PBXGroup;
			children = (
				B2AF6771242C9F0E00454795 /* XbAdAdapter.swift */,
				B2AF676A242C99EA00454795 /* XbSDKIntegrationManager.swift */,
				B2AF676E242C9B9A00454795 /* XbAdManager.swift */,
			);
			path = Core;
			sourceTree = "<group>";
		};
		B2AF677D242D957100454795 /* Extension */ = {
			isa = PBXGroup;
			children = (
				B2AF677E242D958600454795 /* DictionaryExtension.swift */,
			);
			path = Extension;
			sourceTree = "<group>";
		};
/* End PBXGroup section */

/* Begin PBXNativeTarget section */
		B2AF6699242B377000454795 /* XBADBaseDemo */ = {
			isa = PBXNativeTarget;
			buildConfigurationList = B2AF66AE242B377100454795 /* Build configuration list for PBXNativeTarget "XBADBaseDemo" */;
			buildPhases = (
				1EFD344830E9F70AAE9A43AF /* [CP] Check Pods Manifest.lock */,
				B2AF6696242B377000454795 /* Sources */,
				B2AF6697242B377000454795 /* Frameworks */,
				B2AF6698242B377000454795 /* Resources */,
				73090AAB74946F018771A191 /* [CP] Embed Pods Frameworks */,
			);
			buildRules = (
			);
			dependencies = (
			);
			name = XBADBaseDemo;
			productName = XBADBaseDemo;
			productReference = B2AF669A242B377000454795 /* XBADBaseDemo.app */;
			productType = "com.apple.product-type.application";
		};
/* End PBXNativeTarget section */

/* Begin PBXProject section */
		B2AF6692242B377000454795 /* Project object */ = {
			isa = PBXProject;
			attributes = {
				LastSwiftUpdateCheck = 1130;
				LastUpgradeCheck = 1130;
				ORGANIZATIONNAME = "全尼古拉斯";
				TargetAttributes = {
					B2AF6699242B377000454795 = {
						CreatedOnToolsVersion = 11.3.1;
					};
				};
			};
			buildConfigurationList = B2AF6695242B377000454795 /* Build configuration list for PBXProject "XBADBaseDemo" */;
			compatibilityVersion = "Xcode 9.3";
			developmentRegion = en;
			hasScannedForEncodings = 0;
			knownRegions = (
				en,
				Base,
			);
			mainGroup = B2AF6691242B377000454795;
			productRefGroup = B2AF669B242B377000454795 /* Products */;
			projectDirPath = "";
			projectRoot = "";
			targets = (
				B2AF6699242B377000454795 /* XBADBaseDemo */,
			);
		};
/* End PBXProject section */

/* Begin PBXResourcesBuildPhase section */
		B2AF6698242B377000454795 /* Resources */ = {
			isa = PBXResourcesBuildPhase;
			buildActionMask = 2147483647;
			files = (
				B2AF66AA242B377100454795 /* LaunchScreen.storyboard in Resources */,
				B2AF66A7242B377100454795 /* Assets.xcassets in Resources */,
				B2AF66A5242B377000454795 /* Main.storyboard in Resources */,
			);
			runOnlyForDeploymentPostprocessing = 0;
		};
/* End PBXResourcesBuildPhase section */

/* Begin PBXShellScriptBuildPhase section */
		1EFD344830E9F70AAE9A43AF /* [CP] Check Pods Manifest.lock */ = {
			isa = PBXShellScriptBuildPhase;
			buildActionMask = 2147483647;
			files = (
			);
			inputFileListPaths = (
			);
			inputPaths = (
				"${PODS_PODFILE_DIR_PATH}/Podfile.lock",
				"${PODS_ROOT}/Manifest.lock",
			);
			name = "[CP] Check Pods Manifest.lock";
			outputFileListPaths = (
			);
			outputPaths = (
				"$(DERIVED_FILE_DIR)/Pods-XBADBaseDemo-checkManifestLockResult.txt",
			);
			runOnlyForDeploymentPostprocessing = 0;
			shellPath = /bin/sh;
			shellScript = "diff \"${PODS_PODFILE_DIR_PATH}/Podfile.lock\" \"${PODS_ROOT}/Manifest.lock\" > /dev/null\nif [ $? != 0 ] ; then\n    # print error to STDERR\n    echo \"error: The sandbox is not in sync with the Podfile.lock. Run 'pod install' or update your CocoaPods installation.\" >&2\n    exit 1\nfi\n# This output is used by Xcode 'outputs' to avoid re-running this script phase.\necho \"SUCCESS\" > \"${SCRIPT_OUTPUT_FILE_0}\"\n";
			showEnvVarsInLog = 0;
		};
		73090AAB74946F018771A191 /* [CP] Embed Pods Frameworks */ = {
			isa = PBXShellScriptBuildPhase;
			buildActionMask = 2147483647;
			files = (
			);
			inputFileListPaths = (
				"${PODS_ROOT}/Target Support Files/Pods-XBADBaseDemo/Pods-XBADBaseDemo-frameworks-${CONFIGURATION}-input-files.xcfilelist",
			);
			name = "[CP] Embed Pods Frameworks";
			outputFileListPaths = (
				"${PODS_ROOT}/Target Support Files/Pods-XBADBaseDemo/Pods-XBADBaseDemo-frameworks-${CONFIGURATION}-output-files.xcfilelist",
			);
			runOnlyForDeploymentPostprocessing = 0;
			shellPath = /bin/sh;
			shellScript = "\"${PODS_ROOT}/Target Support Files/Pods-XBADBaseDemo/Pods-XBADBaseDemo-frameworks.sh\"\n";
			showEnvVarsInLog = 0;
		};
/* End PBXShellScriptBuildPhase section */

/* Begin PBXSourcesBuildPhase section */
		B2AF6696242B377000454795 /* Sources */ = {
			isa = PBXSourcesBuildPhase;
			buildActionMask = 2147483647;
			files = (
				B2AF6769242C95BC00454795 /* XbFbAdProtocol.swift in Sources */,
				B2AF66A2242B377000454795 /* ViewController.swift in Sources */,
				B2AF674E242C623B00454795 /* MTG_naitve.swift in Sources */,
				B2AF675C242C677000454795 /* FBAdDownloader.swift in Sources */,
				B2AF6753242C623B00454795 /* MTG_rewardvideo.swift in Sources */,
				B2AF6778242CC31200454795 /* Constants.swift in Sources */,
				B2AF677A242CC3A800454795 /* XbAdManager_FB.swift in Sources */,
				B2AF6754242C623B00454795 /* Appnext_rewardvideo.swift in Sources */,
				B2AF6760242C89F800454795 /* FBNativeAdManager.swift in Sources */,
				B2AF669E242B377000454795 /* AppDelegate.swift in Sources */,
				B2AF676B242C99EA00454795 /* XbSDKIntegrationManager.swift in Sources */,
				B2AF6755242C623B00454795 /* Admob_rewardvideo.swift in Sources */,
				B2AF6756242C623B00454795 /* Baidu_interstitialAd.swift in Sources */,
				B2AF6765242C8B8100454795 /* AdvertConfig.swift in Sources */,
				B2AF676D242C9A1F00454795 /* XbSDKIntegrationManager_FB.swift in Sources */,
				B2AF6752242C623B00454795 /* FB_rewardvideo.swift in Sources */,
				B2AF6767242C903600454795 /* SSPLogProtocol.swift in Sources */,
				B2AF6757242C623B00454795 /* FB_interstitialAd.swift in Sources */,
				B2AF675A242C623B00454795 /* Admob_interstitialAd.swift in Sources */,
				B2AF6776242C9F7200454795 /* AdEnum.swift in Sources */,
				B2AF674F242C623B00454795 /* Appnext_naitve.swift in Sources */,
				B2AF6758242C623B00454795 /* MTG_interstitialAd.swift in Sources */,
				B2AF676F242C9B9A00454795 /* XbAdManager.swift in Sources */,
				B2AF677C242CC5B000454795 /* Timer.swift in Sources */,
				B2AF6772242C9F0E00454795 /* XbAdAdapter.swift in Sources */,
				B2AF6774242C9F2200454795 /* XbAdAdapter_FB.swift in Sources */,
				B2AF6751242C623B00454795 /* Baidu_rewardvideo.swift in Sources */,
				B2AF677F242D958600454795 /* DictionaryExtension.swift in Sources */,
				B2AF6762242C8A8800454795 /* SSPAdvertConfig.swift in Sources */,
				B2AF6759242C623B00454795 /* Appnext_interstitialAd.swift in Sources */,
				B2AF675E242C85FA00454795 /* XbSDKIntegration.swift in Sources */,
				B2AF6750242C623B00454795 /* Admob_naitve.swift in Sources */,
				B2AF674C242C623B00454795 /* Baidu_naitve.swift in Sources */,
			);
			runOnlyForDeploymentPostprocessing = 0;
		};
/* End PBXSourcesBuildPhase section */

/* Begin PBXVariantGroup section */
		B2AF66A3242B377000454795 /* Main.storyboard */ = {
			isa = PBXVariantGroup;
			children = (
				B2AF66A4242B377000454795 /* Base */,
			);
			name = Main.storyboard;
			sourceTree = "<group>";
		};
		B2AF66A8242B377100454795 /* LaunchScreen.storyboard */ = {
			isa = PBXVariantGroup;
			children = (
				B2AF66A9242B377100454795 /* Base */,
			);
			name = LaunchScreen.storyboard;
			sourceTree = "<group>";
		};
/* End PBXVariantGroup section */

/* Begin XCBuildConfiguration section */
		B2AF66AC242B377100454795 /* Debug */ = {
			isa = XCBuildConfiguration;
			buildSettings = {
				ALWAYS_SEARCH_USER_PATHS = NO;
				CLANG_ANALYZER_NONNULL = YES;
				CLANG_ANALYZER_NUMBER_OBJECT_CONVERSION = YES_AGGRESSIVE;
				CLANG_CXX_LANGUAGE_STANDARD = "gnu++14";
				CLANG_CXX_LIBRARY = "libc++";
				CLANG_ENABLE_MODULES = YES;
				CLANG_ENABLE_OBJC_ARC = YES;
				CLANG_ENABLE_OBJC_WEAK = YES;
				CLANG_WARN_BLOCK_CAPTURE_AUTORELEASING = YES;
				CLANG_WARN_BOOL_CONVERSION = YES;
				CLANG_WARN_COMMA = YES;
				CLANG_WARN_CONSTANT_CONVERSION = YES;
				CLANG_WARN_DEPRECATED_OBJC_IMPLEMENTATIONS = YES;
				CLANG_WARN_DIRECT_OBJC_ISA_USAGE = YES_ERROR;
				CLANG_WARN_DOCUMENTATION_COMMENTS = YES;
				CLANG_WARN_EMPTY_BODY = YES;
				CLANG_WARN_ENUM_CONVERSION = YES;
				CLANG_WARN_INFINITE_RECURSION = YES;
				CLANG_WARN_INT_CONVERSION = YES;
				CLANG_WARN_NON_LITERAL_NULL_CONVERSION = YES;
				CLANG_WARN_OBJC_IMPLICIT_RETAIN_SELF = YES;
				CLANG_WARN_OBJC_LITERAL_CONVERSION = YES;
				CLANG_WARN_OBJC_ROOT_CLASS = YES_ERROR;
				CLANG_WARN_RANGE_LOOP_ANALYSIS = YES;
				CLANG_WARN_STRICT_PROTOTYPES = YES;
				CLANG_WARN_SUSPICIOUS_MOVE = YES;
				CLANG_WARN_UNGUARDED_AVAILABILITY = YES_AGGRESSIVE;
				CLANG_WARN_UNREACHABLE_CODE = YES;
				CLANG_WARN__DUPLICATE_METHOD_MATCH = YES;
				COPY_PHASE_STRIP = NO;
				DEBUG_INFORMATION_FORMAT = dwarf;
				ENABLE_STRICT_OBJC_MSGSEND = YES;
				ENABLE_TESTABILITY = YES;
				GCC_C_LANGUAGE_STANDARD = gnu11;
				GCC_DYNAMIC_NO_PIC = NO;
				GCC_NO_COMMON_BLOCKS = YES;
				GCC_OPTIMIZATION_LEVEL = 0;
				GCC_PREPROCESSOR_DEFINITIONS = (
					"DEBUG=1",
					"$(inherited)",
				);
				GCC_WARN_64_TO_32_BIT_CONVERSION = YES;
				GCC_WARN_ABOUT_RETURN_TYPE = YES_ERROR;
				GCC_WARN_UNDECLARED_SELECTOR = YES;
				GCC_WARN_UNINITIALIZED_AUTOS = YES_AGGRESSIVE;
				GCC_WARN_UNUSED_FUNCTION = YES;
				GCC_WARN_UNUSED_VARIABLE = YES;
				IPHONEOS_DEPLOYMENT_TARGET = 13.2;
				MTL_ENABLE_DEBUG_INFO = INCLUDE_SOURCE;
				MTL_FAST_MATH = YES;
				ONLY_ACTIVE_ARCH = YES;
				SDKROOT = iphoneos;
				SWIFT_ACTIVE_COMPILATION_CONDITIONS = DEBUG;
				SWIFT_OPTIMIZATION_LEVEL = "-Onone";
			};
			name = Debug;
		};
		B2AF66AD242B377100454795 /* Release */ = {
			isa = XCBuildConfiguration;
			buildSettings = {
				ALWAYS_SEARCH_USER_PATHS = NO;
				CLANG_ANALYZER_NONNULL = YES;
				CLANG_ANALYZER_NUMBER_OBJECT_CONVERSION = YES_AGGRESSIVE;
				CLANG_CXX_LANGUAGE_STANDARD = "gnu++14";
				CLANG_CXX_LIBRARY = "libc++";
				CLANG_ENABLE_MODULES = YES;
				CLANG_ENABLE_OBJC_ARC = YES;
				CLANG_ENABLE_OBJC_WEAK = YES;
				CLANG_WARN_BLOCK_CAPTURE_AUTORELEASING = YES;
				CLANG_WARN_BOOL_CONVERSION = YES;
				CLANG_WARN_COMMA = YES;
				CLANG_WARN_CONSTANT_CONVERSION = YES;
				CLANG_WARN_DEPRECATED_OBJC_IMPLEMENTATIONS = YES;
				CLANG_WARN_DIRECT_OBJC_ISA_USAGE = YES_ERROR;
				CLANG_WARN_DOCUMENTATION_COMMENTS = YES;
				CLANG_WARN_EMPTY_BODY = YES;
				CLANG_WARN_ENUM_CONVERSION = YES;
				CLANG_WARN_INFINITE_RECURSION = YES;
				CLANG_WARN_INT_CONVERSION = YES;
				CLANG_WARN_NON_LITERAL_NULL_CONVERSION = YES;
				CLANG_WARN_OBJC_IMPLICIT_RETAIN_SELF = YES;
				CLANG_WARN_OBJC_LITERAL_CONVERSION = YES;
				CLANG_WARN_OBJC_ROOT_CLASS = YES_ERROR;
				CLANG_WARN_RANGE_LOOP_ANALYSIS = YES;
				CLANG_WARN_STRICT_PROTOTYPES = YES;
				CLANG_WARN_SUSPICIOUS_MOVE = YES;
				CLANG_WARN_UNGUARDED_AVAILABILITY = YES_AGGRESSIVE;
				CLANG_WARN_UNREACHABLE_CODE = YES;
				CLANG_WARN__DUPLICATE_METHOD_MATCH = YES;
				COPY_PHASE_STRIP = NO;
				DEBUG_INFORMATION_FORMAT = "dwarf-with-dsym";
				ENABLE_NS_ASSERTIONS = NO;
				ENABLE_STRICT_OBJC_MSGSEND = YES;
				GCC_C_LANGUAGE_STANDARD = gnu11;
				GCC_NO_COMMON_BLOCKS = YES;
				GCC_WARN_64_TO_32_BIT_CONVERSION = YES;
				GCC_WARN_ABOUT_RETURN_TYPE = YES_ERROR;
				GCC_WARN_UNDECLARED_SELECTOR = YES;
				GCC_WARN_UNINITIALIZED_AUTOS = YES_AGGRESSIVE;
				GCC_WARN_UNUSED_FUNCTION = YES;
				GCC_WARN_UNUSED_VARIABLE = YES;
				IPHONEOS_DEPLOYMENT_TARGET = 13.2;
				MTL_ENABLE_DEBUG_INFO = NO;
				MTL_FAST_MATH = YES;
				SDKROOT = iphoneos;
				SWIFT_COMPILATION_MODE = wholemodule;
				SWIFT_OPTIMIZATION_LEVEL = "-O";
				VALIDATE_PRODUCT = YES;
			};
			name = Release;
		};
		B2AF66AF242B377100454795 /* Debug */ = {
			isa = XCBuildConfiguration;
			baseConfigurationReference = 691ECDEB49F818073501F86B /* Pods-XBADBaseDemo.debug.xcconfig */;
			buildSettings = {
				ASSETCATALOG_COMPILER_APPICON_NAME = AppIcon;
				CODE_SIGN_STYLE = Automatic;
				DEVELOPMENT_TEAM = 2M9642S969;
				INFOPLIST_FILE = XBADBaseDemo/Info.plist;
				IPHONEOS_DEPLOYMENT_TARGET = 10.1;
				LD_RUNPATH_SEARCH_PATHS = (
					"$(inherited)",
					"@executable_path/Frameworks",
				);
				PRODUCT_BUNDLE_IDENTIFIER = com.xxb.XBADBaseDemo;
				PRODUCT_NAME = "$(TARGET_NAME)";
				SWIFT_VERSION = 5.0;
				TARGETED_DEVICE_FAMILY = "1,2";
			};
			name = Debug;
		};
		B2AF66B0242B377100454795 /* Release */ = {
			isa = XCBuildConfiguration;
			baseConfigurationReference = 37525BB60AC453FABA6F5D4A /* Pods-XBADBaseDemo.release.xcconfig */;
			buildSettings = {
				ASSETCATALOG_COMPILER_APPICON_NAME = AppIcon;
				CODE_SIGN_STYLE = Automatic;
				DEVELOPMENT_TEAM = 2M9642S969;
				INFOPLIST_FILE = XBADBaseDemo/Info.plist;
				IPHONEOS_DEPLOYMENT_TARGET = 10.1;
				LD_RUNPATH_SEARCH_PATHS = (
					"$(inherited)",
					"@executable_path/Frameworks",
				);
				PRODUCT_BUNDLE_IDENTIFIER = com.xxb.XBADBaseDemo;
				PRODUCT_NAME = "$(TARGET_NAME)";
				SWIFT_VERSION = 5.0;
				TARGETED_DEVICE_FAMILY = "1,2";
			};
			name = Release;
		};
/* End XCBuildConfiguration section */

/* Begin XCConfigurationList section */
		B2AF6695242B377000454795 /* Build configuration list for PBXProject "XBADBaseDemo" */ = {
			isa = XCConfigurationList;
			buildConfigurations = (
				B2AF66AC242B377100454795 /* Debug */,
				B2AF66AD242B377100454795 /* Release */,
			);
			defaultConfigurationIsVisible = 0;
			defaultConfigurationName = Release;
		};
		B2AF66AE242B377100454795 /* Build configuration list for PBXNativeTarget "XBADBaseDemo" */ = {
			isa = XCConfigurationList;
			buildConfigurations = (
				B2AF66AF242B377100454795 /* Debug */,
				B2AF66B0242B377100454795 /* Release */,
			);
			defaultConfigurationIsVisible = 0;
			defaultConfigurationName = Release;
		};
/* End XCConfigurationList section */
	};
	rootObject = B2AF6692242B377000454795 /* Project object */;
}
